
Microsoft Visual Studio Solution File, Format Version 12.00
# Visual Studio 15
VisualStudioVersion = 15.0.27130.2027
MinimumVisualStudioVersion = 10.0.40219.1
Project("{FAE04EC0-301F-11D3-BF4B-00C04F79EFBC}") = "HappyFish", "HappyFish\HappyFish.csproj", "{2FBA71BF-8878-434B-B6BE-3BE96D8D7E9D}"
EndProject
Global
	GlobalSection(SolutionConfigurationPlatforms) = preSolution
		Debug|Any CPU = Debug|Any CPU
		Release|Any CPU = Release|Any CPU
	EndGlobalSection
	GlobalSection(ProjectConfigurationPlatforms) = postSolution
		{2FBA71BF-8878-434B-B6BE-3BE96D8D7E9D}.Debug|Any CPU.ActiveCfg = Debug|Any CPU
		{2FBA71BF-8878-434B-B6BE-3BE96D8D7E9D}.Debug|Any CPU.Build.0 = Debug|Any CPU
		{2FBA71BF-8878-434B-B6BE-3BE96D8D7E9D}.Release|Any CPU.ActiveCfg = Release|Any CPU
		{2FBA71BF-8878-434B-B6BE-3BE96D8D7E9D}.Release|Any CPU.Build.0 = Release|Any CPU
	EndGlobalSection
	GlobalSection(SolutionProperties) = preSolution
		HideSolutionNode = FALSE
	EndGlobalSection
	GlobalSection(ExtensibilityGlobals) = postSolution
		SolutionGuid = {A061CAB0-80DE-4405-BFEF-931FB31EA32F}
	EndGlobalSection
EndGlobal
